
Microsoft Visual Studio Solution File, Format Version 12.00
# Visual Studio 15
VisualStudioVersion = 15.0.26228.4
MinimumVisualStudioVersion = 10.0.40219.1
Project("{FAE04EC0-301F-11D3-BF4B-00C04F79EFBC}") = "TaskManager.Api", "TaskManager\TaskManager.Api.csproj", "{993E4B47-AFF3-47D7-8733-F566CFE071C2}"
EndProject
Project("{FAE04EC0-301F-11D3-BF4B-00C04F79EFBC}") = "TaskManager.Tests", "TaskManager.Tests\TaskManager.Tests.csproj", "{4428909E-E838-45B9-8573-64A0DE507388}"
EndProject
Project("{FAE04EC0-301F-11D3-BF4B-00C04F79EFBC}") = "TaskManager.Data", "TaskManager.Data\TaskManager.Data.csproj", "{B568162A-2844-4EA8-8339-64D123543E73}"
EndProject
Project("{FAE04EC0-301F-11D3-BF4B-00C04F79EFBC}") = "TaskManager.Business", "TaskManager.Business\TaskManager.Business.csproj", "{D17F4D95-81DD-486A-9696-4F89AF738892}"
EndProject
Project("{FAE04EC0-301F-11D3-BF4B-00C04F79EFBC}") = "TaskManager.NBench", "TaskManager.NBench\TaskManager.NBench.csproj", "{EDAAADCA-A8E5-4DA8-AAB8-E32995D724A6}"
EndProject
Global
	GlobalSection(SolutionConfigurationPlatforms) = preSolution
		Debug|Any CPU = Debug|Any CPU
		Release|Any CPU = Release|Any CPU
	EndGlobalSection
	GlobalSection(ProjectConfigurationPlatforms) = postSolution
		{993E4B47-AFF3-47D7-8733-F566CFE071C2}.Debug|Any CPU.ActiveCfg = Debug|Any CPU
		{993E4B47-AFF3-47D7-8733-F566CFE071C2}.Debug|Any CPU.Build.0 = Debug|Any CPU
		{993E4B47-AFF3-47D7-8733-F566CFE071C2}.Release|Any CPU.ActiveCfg = Release|Any CPU
		{993E4B47-AFF3-47D7-8733-F566CFE071C2}.Release|Any CPU.Build.0 = Release|Any CPU
		{4428909E-E838-45B9-8573-64A0DE507388}.Debug|Any CPU.ActiveCfg = Debug|Any CPU
		{4428909E-E838-45B9-8573-64A0DE507388}.Debug|Any CPU.Build.0 = Debug|Any CPU
		{4428909E-E838-45B9-8573-64A0DE507388}.Release|Any CPU.ActiveCfg = Release|Any CPU
		{4428909E-E838-45B9-8573-64A0DE507388}.Release|Any CPU.Build.0 = Release|Any CPU
		{B568162A-2844-4EA8-8339-64D123543E73}.Debug|Any CPU.ActiveCfg = Debug|Any CPU
		{B568162A-2844-4EA8-8339-64D123543E73}.Debug|Any CPU.Build.0 = Debug|Any CPU
		{B568162A-2844-4EA8-8339-64D123543E73}.Release|Any CPU.ActiveCfg = Release|Any CPU
		{B568162A-2844-4EA8-8339-64D123543E73}.Release|Any CPU.Build.0 = Release|Any CPU
		{D17F4D95-81DD-486A-9696-4F89AF738892}.Debug|Any CPU.ActiveCfg = Debug|Any CPU
		{D17F4D95-81DD-486A-9696-4F89AF738892}.Debug|Any CPU.Build.0 = Debug|Any CPU
		{D17F4D95-81DD-486A-9696-4F89AF738892}.Release|Any CPU.ActiveCfg = Release|Any CPU
		{D17F4D95-81DD-486A-9696-4F89AF738892}.Release|Any CPU.Build.0 = Release|Any CPU
		{EDAAADCA-A8E5-4DA8-AAB8-E32995D724A6}.Debug|Any CPU.ActiveCfg = Debug|Any CPU
		{EDAAADCA-A8E5-4DA8-AAB8-E32995D724A6}.Debug|Any CPU.Build.0 = Debug|Any CPU
		{EDAAADCA-A8E5-4DA8-AAB8-E32995D724A6}.Release|Any CPU.ActiveCfg = Release|Any CPU
		{EDAAADCA-A8E5-4DA8-AAB8-E32995D724A6}.Release|Any CPU.Build.0 = Release|Any CPU
	EndGlobalSection
	GlobalSection(SolutionProperties) = preSolution
		HideSolutionNode = FALSE
	EndGlobalSection
EndGlobal
